
Microsoft Visual Studio Solution File, Format Version 12.00
# Visual Studio Version 17
VisualStudioVersion = 17.11.35327.3
MinimumVisualStudioVersion = 10.0.40219.1
Project("{FAE04EC0-301F-11D3-BF4B-00C04F79EFBC}") = "Consumo", "Consumo\Consumo.csproj", "{ED5B7BF5-4042-400F-9EE9-06394D2BD107}"
EndProject
Global
	GlobalSection(SolutionConfigurationPlatforms) = preSolution
		Debug|Any CPU = Debug|Any CPU
		Release|Any CPU = Release|Any CPU
	EndGlobalSection
	GlobalSection(ProjectConfigurationPlatforms) = postSolution
		{ED5B7BF5-4042-400F-9EE9-06394D2BD107}.Debug|Any CPU.ActiveCfg = Debug|Any CPU
		{ED5B7BF5-4042-400F-9EE9-06394D2BD107}.Debug|Any CPU.Build.0 = Debug|Any CPU
		{ED5B7BF5-4042-400F-9EE9-06394D2BD107}.Release|Any CPU.ActiveCfg = Release|Any CPU
		{ED5B7BF5-4042-400F-9EE9-06394D2BD107}.Release|Any CPU.Build.0 = Release|Any CPU
	EndGlobalSection
	GlobalSection(SolutionProperties) = preSolution
		HideSolutionNode = FALSE
	EndGlobalSection
	GlobalSection(ExtensibilityGlobals) = postSolution
		SolutionGuid = {59686CF4-3855-45EC-8CCE-F6B53A1BDDD3}
	EndGlobalSection
EndGlobal
